
Microsoft Visual Studio Solution File, Format Version 12.00
# Visual Studio Version 16
VisualStudioVersion = 16.0.31005.135
MinimumVisualStudioVersion = 10.0.40219.1
Project("{FAE04EC0-301F-11D3-BF4B-00C04F79EFBC}") = "DiskSpaceAnalyzer", "DiskSpaceAnalyzer.csproj", "{1A63D4B6-8C20-4C34-9E86-8ABBDE8C8099}"
EndProject
Global
	GlobalSection(SolutionConfigurationPlatforms) = preSolution
		Debug|Any CPU = Debug|Any CPU
		Release|Any CPU = Release|Any CPU
	EndGlobalSection
	GlobalSection(ProjectConfigurationPlatforms) = postSolution
		{1A63D4B6-8C20-4C34-9E86-8ABBDE8C8099}.Debug|Any CPU.ActiveCfg = Debug|Any CPU
		{1A63D4B6-8C20-4C34-9E86-8ABBDE8C8099}.Debug|Any CPU.Build.0 = Debug|Any CPU
		{1A63D4B6-8C20-4C34-9E86-8ABBDE8C8099}.Release|Any CPU.ActiveCfg = Release|Any CPU
		{1A63D4B6-8C20-4C34-9E86-8ABBDE8C8099}.Release|Any CPU.Build.0 = Release|Any CPU
	EndGlobalSection
	GlobalSection(SolutionProperties) = preSolution
		HideSolutionNode = FALSE
	EndGlobalSection
	GlobalSection(ExtensibilityGlobals) = postSolution
		SolutionGuid = {4C4358A3-6B25-4A80-8705-F1223AD45A5D}
	EndGlobalSection
EndGlobal
